
Microsoft Visual Studio Solution File, Format Version 12.00
# Visual Studio Version 17
VisualStudioVersion = 17.7.34202.233
MinimumVisualStudioVersion = 10.0.40219.1
Project("{FAE04EC0-301F-11D3-BF4B-00C04F79EFBC}") = "WinSight", "WinSight.csproj", "{BC7D7393-C0D3-4B4E-900A-2F63D2861C74}"
EndProject
Global
	GlobalSection(SolutionConfigurationPlatforms) = preSolution
		Debug|Any CPU = Debug|Any CPU
		Release|Any CPU = Release|Any CPU
	EndGlobalSection
	GlobalSection(ProjectConfigurationPlatforms) = postSolution
		{BC7D7393-C0D3-4B4E-900A-2F63D2861C74}.Debug|Any CPU.ActiveCfg = Debug|Any CPU
		{BC7D7393-C0D3-4B4E-900A-2F63D2861C74}.Debug|Any CPU.Build.0 = Debug|Any CPU
		{BC7D7393-C0D3-4B4E-900A-2F63D2861C74}.Release|Any CPU.ActiveCfg = Release|Any CPU
		{BC7D7393-C0D3-4B4E-900A-2F63D2861C74}.Release|Any CPU.Build.0 = Release|Any CPU
	EndGlobalSection
	GlobalSection(SolutionProperties) = preSolution
		HideSolutionNode = FALSE
	EndGlobalSection
	GlobalSection(ExtensibilityGlobals) = postSolution
		SolutionGuid = {263DBD7B-1A62-4A23-9F5E-EDC948F40531}
	EndGlobalSection
EndGlobal
